// !$*UTF8*$!
{
	archiveVersion = 1;
	classes = {
	};
	objectVersion = 46;
	objects = {

/* Begin PBXBuildFile section */
		163CB1C21F3D59E5004300D7 /* AppDelegate.swift in Sources */ = {isa = PBXBuildFile; fileRef = 163CB1C11F3D59E5004300D7 /* AppDelegate.swift */; };
		163CB1C41F3D59E5004300D7 /* ViewController.swift in Sources */ = {isa = PBXBuildFile; fileRef = 163CB1C31F3D59E5004300D7 /* ViewController.swift */; };
		163CB1C71F3D59E5004300D7 /* Main.storyboard in Resources */ = {isa = PBXBuildFile; fileRef = 163CB1C51F3D59E5004300D7 /* Main.storyboard */; };
		163CB1CA1F3D59E5004300D7 /* TestDraw.xcdatamodeld in Sources */ = {isa = PBXBuildFile; fileRef = 163CB1C81F3D59E5004300D7 /* TestDraw.xcdatamodeld */; };
		163CB1CC1F3D59E5004300D7 /* Assets.xcassets in Resources */ = {isa = PBXBuildFile; fileRef = 163CB1CB1F3D59E5004300D7 /* Assets.xcassets */; };
		163CB1CF1F3D59E5004300D7 /* LaunchScreen.storyboard in Resources */ = {isa = PBXBuildFile; fileRef = 163CB1CD1F3D59E5004300D7 /* LaunchScreen.storyboard */; };
		163CB1DA1F3D59E5004300D7 /* TestDrawTests.swift in Sources */ = {isa = PBXBuildFile; fileRef = 163CB1D91F3D59E5004300D7 /* TestDrawTests.swift */; };
		163CB1E51F3D59E5004300D7 /* TestDrawUITests.swift in Sources */ = {isa = PBXBuildFile; fileRef = 163CB1E41F3D59E5004300D7 /* TestDrawUITests.swift */; };
		163CB1F31F3D5A2A004300D7 /* DrawView.swift in Sources */ = {isa = PBXBuildFile; fileRef = 163CB1F21F3D5A2A004300D7 /* DrawView.swift */; };
/* End PBXBuildFile section */

/* Begin PBXContainerItemProxy section */
		163CB1D61F3D59E5004300D7 /* PBXContainerItemProxy */ = {
			isa = PBXContainerItemProxy;
			containerPortal = 163CB1B61F3D59E5004300D7 /* Project object */;
			proxyType = 1;
			remoteGlobalIDString = 163CB1BD1F3D59E5004300D7;
			remoteInfo = TestDraw;
		};
		163CB1E11F3D59E5004300D7 /* PBXContainerItemProxy */ = {
			isa = PBXContainerItemProxy;
			containerPortal = 163CB1B61F3D59E5004300D7 /* Project object */;
			proxyType = 1;
			remoteGlobalIDString = 163CB1BD1F3D59E5004300D7;
			remoteInfo = TestDraw;
		};
/* End PBXContainerItemProxy section */

/* Begin PBXFileReference section */
		163CB1BE1F3D59E5004300D7 /* TestDraw.app */ = {isa = PBXFileReference; explicitFileType = wrapper.application; includeInIndex = 0; path = TestDraw.app; sourceTree = BUILT_PRODUCTS_DIR; };
		163CB1C11F3D59E5004300D7 /* AppDelegate.swift */ = {isa = PBXFileReference; lastKnownFileType = sourcecode.swift; path = AppDelegate.swift; sourceTree = "<group>"; };
		163CB1C31F3D59E5004300D7 /* ViewController.swift */ = {isa = PBXFileReference; lastKnownFileType = sourcecode.swift; path = ViewController.swift; sourceTree = "<group>"; };
		163CB1C61F3D59E5004300D7 /* Base */ = {isa = PBXFileReference; lastKnownFileType = file.storyboard; name = Base; path = Base.lproj/Main.storyboard; sourceTree = "<group>"; };
		163CB1C91F3D59E5004300D7 /* TestDraw.xcdatamodel */ = {isa = PBXFileReference; lastKnownFileType = wrapper.xcdatamodel; path = TestDraw.xcdatamodel; sourceTree = "<group>"; };
		163CB1CB1F3D59E5004300D7 /* Assets.xcassets */ = {isa = PBXFileReference; lastKnownFileType = folder.assetcatalog; path = Assets.xcassets; sourceTree = "<group>"; };
		163CB1CE1F3D59E5004300D7 /* Base */ = {isa = PBXFileReference; lastKnownFileType = file.storyboard; name = Base; path = Base.lproj/LaunchScreen.storyboard; sourceTree = "<group>"; };
		163CB1D01F3D59E5004300D7 /* Info.plist */ = {isa = PBXFileReference; lastKnownFileType = text.plist.xml; path = Info.plist; sourceTree = "<group>"; };
		163CB1D51F3D59E5004300D7 /* TestDrawTests.xctest */ = {isa = PBXFileReference; explicitFileType = wrapper.cfbundle; includeInIndex = 0; path = TestDrawTests.xctest; sourceTree = BUILT_PRODUCTS_DIR; };
		163CB1D91F3D59E5004300D7 /* TestDrawTests.swift */ = {isa = PBXFileReference; lastKnownFileType = sourcecode.swift; path = TestDrawTests.swift; sourceTree = "<group>"; };
		163CB1DB1F3D59E5004300D7 /* Info.plist */ = {isa = PBXFileReference; lastKnownFileType = text.plist.xml; path = Info.plist; sourceTree = "<group>"; };
		163CB1E01F3D59E5004300D7 /* TestDrawUITests.xctest */ = {isa = PBXFileReference; explicitFileType = wrapper.cfbundle; includeInIndex = 0; path = TestDrawUITests.xctest; sourceTree = BUILT_PRODUCTS_DIR; };
		163CB1E41F3D59E5004300D7 /* TestDrawUITests.swift */ = {isa = PBXFileReference; lastKnownFileType = sourcecode.swift; path = TestDrawUITests.swift; sourceTree = "<group>"; };
		163CB1E61F3D59E5004300D7 /* Info.plist */ = {isa = PBXFileReference; lastKnownFileType = text.plist.xml; path = Info.plist; sourceTree = "<group>"; };
		163CB1F21F3D5A2A004300D7 /* DrawView.swift */ = {isa = PBXFileReference; fileEncoding = 4; lastKnownFileType = sourcecode.swift; path = DrawView.swift; sourceTree = "<group>"; };
/* End PBXFileReference section */

/* Begin PBXFrameworksBuildPhase section */
		163CB1BB1F3D59E5004300D7 /* Frameworks */ = {
			isa = PBXFrameworksBuildPhase;
			buildActionMask = 2147483647;
			files = (
			);
			runOnlyForDeploymentPostprocessing = 0;
		};
		163CB1D21F3D59E5004300D7 /* Frameworks */ = {
			isa = PBXFrameworksBuildPhase;
			buildActionMask = 2147483647;
			files = (
			);
			runOnlyForDeploymentPostprocessing = 0;
		};
		163CB1DD1F3D59E5004300D7 /* Frameworks */ = {
			isa = PBXFrameworksBuildPhase;
			buildActionMask = 2147483647;
			files = (
			);
			runOnlyForDeploymentPostprocessing = 0;
		};
/* End PBXFrameworksBuildPhase section */

/* Begin PBXGroup section */
		163CB1B51F3D59E5004300D7 = {
			isa = PBXGroup;
			children = (
				163CB1C01F3D59E5004300D7 /* TestDraw */,
				163CB1D81F3D59E5004300D7 /* TestDrawTests */,
				163CB1E31F3D59E5004300D7 /* TestDrawUITests */,
				163CB1BF1F3D59E5004300D7 /* Products */,
			);
			sourceTree = "<group>";
		};
		163CB1BF1F3D59E5004300D7 /* Products */ = {
			isa = PBXGroup;
			children = (
				163CB1BE1F3D59E5004300D7 /* TestDraw.app */,
				163CB1D51F3D59E5004300D7 /* TestDrawTests.xctest */,
				163CB1E01F3D59E5004300D7 /* TestDrawUITests.xctest */,
			);
			name = Products;
			sourceTree = "<group>";
		};
		163CB1C01F3D59E5004300D7 /* TestDraw */ = {
			isa = PBXGroup;
			children = (
				163CB1C11F3D59E5004300D7 /* AppDelegate.swift */,
				163CB1C31F3D59E5004300D7 /* ViewController.swift */,
				163CB1C51F3D59E5004300D7 /* Main.storyboard */,
				163CB1CB1F3D59E5004300D7 /* Assets.xcassets */,
				163CB1CD1F3D59E5004300D7 /* LaunchScreen.storyboard */,
				163CB1D01F3D59E5004300D7 /* Info.plist */,
				163CB1C81F3D59E5004300D7 /* TestDraw.xcdatamodeld */,
				163CB1F21F3D5A2A004300D7 /* DrawView.swift */,
			);
			path = TestDraw;
			sourceTree = "<group>";
		};
		163CB1D81F3D59E5004300D7 /* TestDrawTests */ = {
			isa = PBXGroup;
			children = (
				163CB1D91F3D59E5004300D7 /* TestDrawTests.swift */,
				163CB1DB1F3D59E5004300D7 /* Info.plist */,
			);
			path = TestDrawTests;
			sourceTree = "<group>";
		};
		163CB1E31F3D59E5004300D7 /* TestDrawUITests */ = {
			isa = PBXGroup;
			children = (
				163CB1E41F3D59E5004300D7 /* TestDrawUITests.swift */,
				163CB1E61F3D59E5004300D7 /* Info.plist */,
			);
			path = TestDrawUITests;
			sourceTree = "<group>";
		};
/* End PBXGroup section */

/* Begin PBXNativeTarget section */
		163CB1BD1F3D59E5004300D7 /* TestDraw */ = {
			isa = PBXNativeTarget;
			buildConfigurationList = 163CB1E91F3D59E5004300D7 /* Build configuration list for PBXNativeTarget "TestDraw" */;
			buildPhases = (
				163CB1BA1F3D59E5004300D7 /* Sources */,
				163CB1BB1F3D59E5004300D7 /* Frameworks */,
				163CB1BC1F3D59E5004300D7 /* Resources */,
			);
			buildRules = (
			);
			dependencies = (
			);
			name = TestDraw;
			productName = TestDraw;
			productReference = 163CB1BE1F3D59E5004300D7 /* TestDraw.app */;
			productType = "com.apple.product-type.application";
		};
		163CB1D41F3D59E5004300D7 /* TestDrawTests */ = {
			isa = PBXNativeTarget;
			buildConfigurationList = 163CB1EC1F3D59E5004300D7 /* Build configuration list for PBXNativeTarget "TestDrawTests" */;
			buildPhases = (
				163CB1D11F3D59E5004300D7 /* Sources */,
				163CB1D21F3D59E5004300D7 /* Frameworks */,
				163CB1D31F3D59E5004300D7 /* Resources */,
			);
			buildRules = (
			);
			dependencies = (
				163CB1D71F3D59E5004300D7 /* PBXTargetDependency */,
			);
			name = TestDrawTests;
			productName = TestDrawTests;
			productReference = 163CB1D51F3D59E5004300D7 /* TestDrawTests.xctest */;
			productType = "com.apple.product-type.bundle.unit-test";
		};
		163CB1DF1F3D59E5004300D7 /* TestDrawUITests */ = {
			isa = PBXNativeTarget;
			buildConfigurationList = 163CB1EF1F3D59E5004300D7 /* Build configuration list for PBXNativeTarget "TestDrawUITests" */;
			buildPhases = (
				163CB1DC1F3D59E5004300D7 /* Sources */,
				163CB1DD1F3D59E5004300D7 /* Frameworks */,
				163CB1DE1F3D59E5004300D7 /* Resources */,
			);
			buildRules = (
			);
			dependencies = (
				163CB1E21F3D59E5004300D7 /* PBXTargetDependency */,
			);
			name = TestDrawUITests;
			productName = TestDrawUITests;
			productReference = 163CB1E01F3D59E5004300D7 /* TestDrawUITests.xctest */;
			productType = "com.apple.product-type.bundle.ui-testing";
		};
/* End PBXNativeTarget section */

/* Begin PBXProject section */
		163CB1B61F3D59E5004300D7 /* Project object */ = {
			isa = PBXProject;
			attributes = {
				LastSwiftUpdateCheck = 0830;
				LastUpgradeCheck = 0830;
				ORGANIZATIONNAME = "Christine Jiang";
				TargetAttributes = {
					163CB1BD1F3D59E5004300D7 = {
						CreatedOnToolsVersion = 8.3.3;
						ProvisioningStyle = Automatic;
					};
					163CB1D41F3D59E5004300D7 = {
						CreatedOnToolsVersion = 8.3.3;
						ProvisioningStyle = Automatic;
						TestTargetID = 163CB1BD1F3D59E5004300D7;
					};
					163CB1DF1F3D59E5004300D7 = {
						CreatedOnToolsVersion = 8.3.3;
						ProvisioningStyle = Automatic;
						TestTargetID = 163CB1BD1F3D59E5004300D7;
					};
				};
			};
			buildConfigurationList = 163CB1B91F3D59E5004300D7 /* Build configuration list for PBXProject "TestDraw" */;
			compatibilityVersion = "Xcode 3.2";
			developmentRegion = English;
			hasScannedForEncodings = 0;
			knownRegions = (
				en,
				Base,
			);
			mainGroup = 163CB1B51F3D59E5004300D7;
			productRefGroup = 163CB1BF1F3D59E5004300D7 /* Products */;
			projectDirPath = "";
			projectRoot = "";
			targets = (
				163CB1BD1F3D59E5004300D7 /* TestDraw */,
				163CB1D41F3D59E5004300D7 /* TestDrawTests */,
				163CB1DF1F3D59E5004300D7 /* TestDrawUITests */,
			);
		};
/* End PBXProject section */

/* Begin PBXResourcesBuildPhase section */
		163CB1BC1F3D59E5004300D7 /* Resources */ = {
			isa = PBXResourcesBuildPhase;
			buildActionMask = 2147483647;
			files = (
				163CB1CF1F3D59E5004300D7 /* LaunchScreen.storyboard in Resources */,
				163CB1CC1F3D59E5004300D7 /* Assets.xcassets in Resources */,
				163CB1C71F3D59E5004300D7 /* Main.storyboard in Resources */,
			);
			runOnlyForDeploymentPostprocessing = 0;
		};
		163CB1D31F3D59E5004300D7 /* Resources */ = {
			isa = PBXResourcesBuildPhase;
			buildActionMask = 2147483647;
			files = (
			);
			runOnlyForDeploymentPostprocessing = 0;
		};
		163CB1DE1F3D59E5004300D7 /* Resources */ = {
			isa = PBXResourcesBuildPhase;
			buildActionMask = 2147483647;
			files = (
			);
			runOnlyForDeploymentPostprocessing = 0;
		};
/* End PBXResourcesBuildPhase section */

/* Begin PBXSourcesBuildPhase section */
		163CB1BA1F3D59E5004300D7 /* Sources */ = {
			isa = PBXSourcesBuildPhase;
			buildActionMask = 2147483647;
			files = (
				163CB1C41F3D59E5004300D7 /* ViewController.swift in Sources */,
				163CB1C21F3D59E5004300D7 /* AppDelegate.swift in Sources */,
				163CB1F31F3D5A2A004300D7 /* DrawView.swift in Sources */,
				163CB1CA1F3D59E5004300D7 /* TestDraw.xcdatamodeld in Sources */,
			);
			runOnlyForDeploymentPostprocessing = 0;
		};
		163CB1D11F3D59E5004300D7 /* Sources */ = {
			isa = PBXSourcesBuildPhase;
			buildActionMask = 2147483647;
			files = (
				163CB1DA1F3D59E5004300D7 /* TestDrawTests.swift in Sources */,
			);
			runOnlyForDeploymentPostprocessing = 0;
		};
		163CB1DC1F3D59E5004300D7 /* Sources */ = {
			isa = PBXSourcesBuildPhase;
			buildActionMask = 2147483647;
			files = (
				163CB1E51F3D59E5004300D7 /* TestDrawUITests.swift in Sources */,
			);
			runOnlyForDeploymentPostprocessing = 0;
		};
/* End PBXSourcesBuildPhase section */

/* Begin PBXTargetDependency section */
		163CB1D71F3D59E5004300D7 /* PBXTargetDependency */ = {
			isa = PBXTargetDependency;
			target = 163CB1BD1F3D59E5004300D7 /* TestDraw */;
			targetProxy = 163CB1D61F3D59E5004300D7 /* PBXContainerItemProxy */;
		};
		163CB1E21F3D59E5004300D7 /* PBXTargetDependency */ = {
			isa = PBXTargetDependency;
			target = 163CB1BD1F3D59E5004300D7 /* TestDraw */;
			targetProxy = 163CB1E11F3D59E5004300D7 /* PBXContainerItemProxy */;
		};
/* End PBXTargetDependency section */

/* Begin PBXVariantGroup section */
		163CB1C51F3D59E5004300D7 /* Main.storyboard */ = {
			isa = PBXVariantGroup;
			children = (
				163CB1C61F3D59E5004300D7 /* Base */,
			);
			name = Main.storyboard;
			sourceTree = "<group>";
		};
		163CB1CD1F3D59E5004300D7 /* LaunchScreen.storyboard */ = {
			isa = PBXVariantGroup;
			children = (
				163CB1CE1F3D59E5004300D7 /* Base */,
			);
			name = LaunchScreen.storyboard;
			sourceTree = "<group>";
		};
/* End PBXVariantGroup section */

/* Begin XCBuildConfiguration section */
		163CB1E71F3D59E5004300D7 /* Debug */ = {
			isa = XCBuildConfiguration;
			buildSettings = {
				ALWAYS_SEARCH_USER_PATHS = NO;
				CLANG_ANALYZER_NONNULL = YES;
				CLANG_ANALYZER_NUMBER_OBJECT_CONVERSION = YES_AGGRESSIVE;
				CLANG_CXX_LANGUAGE_STANDARD = "gnu++0x";
				CLANG_CXX_LIBRARY = "libc++";
				CLANG_ENABLE_MODULES = YES;
				CLANG_ENABLE_OBJC_ARC = YES;
				CLANG_WARN_BOOL_CONVERSION = YES;
				CLANG_WARN_CONSTANT_CONVERSION = YES;
				CLANG_WARN_DIRECT_OBJC_ISA_USAGE = YES_ERROR;
				CLANG_WARN_DOCUMENTATION_COMMENTS = YES;
				CLANG_WARN_EMPTY_BODY = YES;
				CLANG_WARN_ENUM_CONVERSION = YES;
				CLANG_WARN_INFINITE_RECURSION = YES;
				CLANG_WARN_INT_CONVERSION = YES;
				CLANG_WARN_OBJC_ROOT_CLASS = YES_ERROR;
				CLANG_WARN_SUSPICIOUS_MOVE = YES;
				CLANG_WARN_UNREACHABLE_CODE = YES;
				CLANG_WARN__DUPLICATE_METHOD_MATCH = YES;
				"CODE_SIGN_IDENTITY[sdk=iphoneos*]" = "iPhone Developer";
				COPY_PHASE_STRIP = NO;
				DEBUG_INFORMATION_FORMAT = dwarf;
				ENABLE_STRICT_OBJC_MSGSEND = YES;
				ENABLE_TESTABILITY = YES;
				GCC_C_LANGUAGE_STANDARD = gnu99;
				GCC_DYNAMIC_NO_PIC = NO;
				GCC_NO_COMMON_BLOCKS = YES;
				GCC_OPTIMIZATION_LEVEL = 0;
				GCC_PREPROCESSOR_DEFINITIONS = (
					"DEBUG=1",
					"$(inherited)",
				);
				GCC_WARN_64_TO_32_BIT_CONVERSION = YES;
				GCC_WARN_ABOUT_RETURN_TYPE = YES_ERROR;
				GCC_WARN_UNDECLARED_SELECTOR = YES;
				GCC_WARN_UNINITIALIZED_AUTOS = YES_AGGRESSIVE;
				GCC_WARN_UNUSED_FUNCTION = YES;
				GCC_WARN_UNUSED_VARIABLE = YES;
				IPHONEOS_DEPLOYMENT_TARGET = 10.3;
				MTL_ENABLE_DEBUG_INFO = YES;
				ONLY_ACTIVE_ARCH = YES;
				SDKROOT = iphoneos;
				SWIFT_ACTIVE_COMPILATION_CONDITIONS = DEBUG;
				SWIFT_OPTIMIZATION_LEVEL = "-Onone";
				TARGETED_DEVICE_FAMILY = "1,2";
			};
			name = Debug;
		};
		163CB1E81F3D59E5004300D7 /* Release */ = {
			isa = XCBuildConfiguration;
			buildSettings = {
				ALWAYS_SEARCH_USER_PATHS = NO;
				CLANG_ANALYZER_NONNULL = YES;
				CLANG_ANALYZER_NUMBER_OBJECT_CONVERSION = YES_AGGRESSIVE;
				CLANG_CXX_LANGUAGE_STANDARD = "gnu++0x";
				CLANG_CXX_LIBRARY = "libc++";
				CLANG_ENABLE_MODULES = YES;
				CLANG_ENABLE_OBJC_ARC = YES;
				CLANG_WARN_BOOL_CONVERSION = YES;
				CLANG_WARN_CONSTANT_CONVERSION = YES;
				CLANG_WARN_DIRECT_OBJC_ISA_USAGE = YES_ERROR;
				CLANG_WARN_DOCUMENTATION_COMMENTS = YES;
				CLANG_WARN_EMPTY_BODY = YES;
				CLANG_WARN_ENUM_CONVERSION = YES;
				CLANG_WARN_INFINITE_RECURSION = YES;
				CLANG_WARN_INT_CONVERSION = YES;
				CLANG_WARN_OBJC_ROOT_CLASS = YES_ERROR;
				CLANG_WARN_SUSPICIOUS_MOVE = YES;
				CLANG_WARN_UNREACHABLE_CODE = YES;
				CLANG_WARN__DUPLICATE_METHOD_MATCH = YES;
				"CODE_SIGN_IDENTITY[sdk=iphoneos*]" = "iPhone Developer";
				COPY_PHASE_STRIP = NO;
				DEBUG_INFORMATION_FORMAT = "dwarf-with-dsym";
				ENABLE_NS_ASSERTIONS = NO;
				ENABLE_STRICT_OBJC_MSGSEND = YES;
				GCC_C_LANGUAGE_STANDARD = gnu99;
				GCC_NO_COMMON_BLOCKS = YES;
				GCC_WARN_64_TO_32_BIT_CONVERSION = YES;
				GCC_WARN_ABOUT_RETURN_TYPE = YES_ERROR;
				GCC_WARN_UNDECLARED_SELECTOR = YES;
				GCC_WARN_UNINITIALIZED_AUTOS = YES_AGGRESSIVE;
				GCC_WARN_UNUSED_FUNCTION = YES;
				GCC_WARN_UNUSED_VARIABLE = YES;
				IPHONEOS_DEPLOYMENT_TARGET = 10.3;
				MTL_ENABLE_DEBUG_INFO = NO;
				SDKROOT = iphoneos;
				SWIFT_OPTIMIZATION_LEVEL = "-Owholemodule";
				TARGETED_DEVICE_FAMILY = "1,2";
				VALIDATE_PRODUCT = YES;
			};
			name = Release;
		};
		163CB1EA1F3D59E5004300D7 /* Debug */ = {
			isa = XCBuildConfiguration;
			buildSettings = {
				ASSETCATALOG_COMPILER_APPICON_NAME = AppIcon;
				INFOPLIST_FILE = TestDraw/Info.plist;
				LD_RUNPATH_SEARCH_PATHS = "$(inherited) @executable_path/Frameworks";
				PRODUCT_BUNDLE_IDENTIFIER = com.christine.Draw.TestDraw;
				PRODUCT_NAME = "$(TARGET_NAME)";
				SWIFT_VERSION = 3.0;
			};
			name = Debug;
		};
		163CB1EB1F3D59E5004300D7 /* Release */ = {
			isa = XCBuildConfiguration;
			buildSettings = {
				ASSETCATALOG_COMPILER_APPICON_NAME = AppIcon;
				INFOPLIST_FILE = TestDraw/Info.plist;
				LD_RUNPATH_SEARCH_PATHS = "$(inherited) @executable_path/Frameworks";
				PRODUCT_BUNDLE_IDENTIFIER = com.christine.Draw.TestDraw;
				PRODUCT_NAME = "$(TARGET_NAME)";
				SWIFT_VERSION = 3.0;
			};
			name = Release;
		};
		163CB1ED1F3D59E5004300D7 /* Debug */ = {
			isa = XCBuildConfiguration;
			buildSettings = {
				ALWAYS_EMBED_SWIFT_STANDARD_LIBRARIES = YES;
				BUNDLE_LOADER = "$(TEST_HOST)";
				INFOPLIST_FILE = TestDrawTests/Info.plist;
				LD_RUNPATH_SEARCH_PATHS = "$(inherited) @executable_path/Frameworks @loader_path/Frameworks";
				PRODUCT_BUNDLE_IDENTIFIER = com.christine.Draw.TestDrawTests;
				PRODUCT_NAME = "$(TARGET_NAME)";
				SWIFT_VERSION = 3.0;
				TEST_HOST = "$(BUILT_PRODUCTS_DIR)/TestDraw.app/TestDraw";
			};
			name = Debug;
		};
		163CB1EE1F3D59E5004300D7 /* Release */ = {
			isa = XCBuildConfiguration;
			buildSettings = {
				ALWAYS_EMBED_SWIFT_STANDARD_LIBRARIES = YES;
				BUNDLE_LOADER = "$(TEST_HOST)";
				INFOPLIST_FILE = TestDrawTests/Info.plist;
				LD_RUNPATH_SEARCH_PATHS = "$(inherited) @executable_path/Frameworks @loader_path/Frameworks";
				PRODUCT_BUNDLE_IDENTIFIER = com.christine.Draw.TestDrawTests;
				PRODUCT_NAME = "$(TARGET_NAME)";
				SWIFT_VERSION = 3.0;
				TEST_HOST = "$(BUILT_PRODUCTS_DIR)/TestDraw.app/TestDraw";
			};
			name = Release;
		};
		163CB1F01F3D59E5004300D7 /* Debug */ = {
			isa = XCBuildConfiguration;
			buildSettings = {
				ALWAYS_EMBED_SWIFT_STANDARD_LIBRARIES = YES;
				INFOPLIST_FILE = TestDrawUITests/Info.plist;
				LD_RUNPATH_SEARCH_PATHS = "$(inherited) @executable_path/Frameworks @loader_path/Frameworks";
				PRODUCT_BUNDLE_IDENTIFIER = com.christine.Draw.TestDrawUITests;
				PRODUCT_NAME = "$(TARGET_NAME)";
				SWIFT_VERSION = 3.0;
				TEST_TARGET_NAME = TestDraw;
			};
			name = Debug;
		};
		163CB1F11F3D59E5004300D7 /* Release */ = {
			isa = XCBuildConfiguration;
			buildSettings = {
				ALWAYS_EMBED_SWIFT_STANDARD_LIBRARIES = YES;
				INFOPLIST_FILE = TestDrawUITests/Info.plist;
				LD_RUNPATH_SEARCH_PATHS = "$(inherited) @executable_path/Frameworks @loader_path/Frameworks";
				PRODUCT_BUNDLE_IDENTIFIER = com.christine.Draw.TestDrawUITests;
				PRODUCT_NAME = "$(TARGET_NAME)";
				SWIFT_VERSION = 3.0;
				TEST_TARGET_NAME = TestDraw;
			};
			name = Release;
		};
/* End XCBuildConfiguration section */

/* Begin XCConfigurationList section */
		163CB1B91F3D59E5004300D7 /* Build configuration list for PBXProject "TestDraw" */ = {
			isa = XCConfigurationList;
			buildConfigurations = (
				163CB1E71F3D59E5004300D7 /* Debug */,
				163CB1E81F3D59E5004300D7 /* Release */,
			);
			defaultConfigurationIsVisible = 0;
			defaultConfigurationName = Release;
		};
		163CB1E91F3D59E5004300D7 /* Build configuration list for PBXNativeTarget "TestDraw" */ = {
			isa = XCConfigurationList;
			buildConfigurations = (
				163CB1EA1F3D59E5004300D7 /* Debug */,
				163CB1EB1F3D59E5004300D7 /* Release */,
			);
			defaultConfigurationIsVisible = 0;
		};
		163CB1EC1F3D59E5004300D7 /* Build configuration list for PBXNativeTarget "TestDrawTests" */ = {
			isa = XCConfigurationList;
			buildConfigurations = (
				163CB1ED1F3D59E5004300D7 /* Debug */,
				163CB1EE1F3D59E5004300D7 /* Release */,
			);
			defaultConfigurationIsVisible = 0;
		};
		163CB1EF1F3D59E5004300D7 /* Build configuration list for PBXNativeTarget "TestDrawUITests" */ = {
			isa = XCConfigurationList;
			buildConfigurations = (
				163CB1F01F3D59E5004300D7 /* Debug */,
				163CB1F11F3D59E5004300D7 /* Release */,
			);
			defaultConfigurationIsVisible = 0;
		};
/* End XCConfigurationList section */

/* Begin XCVersionGroup section */
		163CB1C81F3D59E5004300D7 /* TestDraw.xcdatamodeld */ = {
			isa = XCVersionGroup;
			children = (
				163CB1C91F3D59E5004300D7 /* TestDraw.xcdatamodel */,
			);
			currentVersion = 163CB1C91F3D59E5004300D7 /* TestDraw.xcdatamodel */;
			path = TestDraw.xcdatamodeld;
			sourceTree = "<group>";
			versionGroupType = wrapper.xcdatamodel;
		};
/* End XCVersionGroup section */
	};
	rootObject = 163CB1B61F3D59E5004300D7 /* Project object */;
}
